# This file is generated by running "yarn install" inside your project.
# Manual changes might be lost - proceed with caution!

__metadata:
  version: 4
  cacheKey: 7

"@cspotcode/source-map-support@npm:^0.8.0":
  version: 0.8.1
  resolution: "@cspotcode/source-map-support@npm:0.8.1"
  dependencies:
    "@jridgewell/trace-mapping": 0.3.9
  checksum: 7c6eab7221ed3aae60719688ce81f4f1236062c094671996427a81374205ac8af77038427845547ec5c53b6313b03c28abe05fcfd4fc50e7a75afa6d2576d0eb
  languageName: node
  linkType: hard

"@dfinity/agent@npm:^0.15.3":
  version: 0.15.7
  resolution: "@dfinity/agent@npm:0.15.7"
  dependencies:
    base64-arraybuffer: ^0.2.0
    bignumber.js: ^9.0.0
    borc: ^2.1.1
    js-sha256: 0.9.0
    simple-cbor: ^0.4.1
    ts-node: ^10.8.2
  peerDependencies:
    "@dfinity/candid": ^0.15.7
    "@dfinity/principal": ^0.15.7
  checksum: 71e72bfe91fea368bdf1425e62c83aaa15dfd93a039115cf926c646a32422c5256b2004c29df56459235f571ce96e009b70c938c8fe56691a7b27523dcb085ea
  languageName: node
  linkType: hard

"@dfinity/auth-client@npm:^0.15.3":
  version: 0.15.7
  resolution: "@dfinity/auth-client@npm:0.15.7"
  dependencies:
    idb: ^7.0.2
  peerDependencies:
    "@dfinity/agent": ^0.15.7
    "@dfinity/identity": ^0.15.7
    "@dfinity/principal": ^0.15.7
  checksum: 654a8f110b12da151175ab835803ac37ccfe4547e9fbfeb8c2f1da4d0ac9b6cfcc4fc28df6d895de8dc46b00b36969e3da3e004c120f41a2655777356d90011d
  languageName: node
  linkType: hard

"@dfinity/candid@npm:^0.15.3":
  version: 0.15.7
  resolution: "@dfinity/candid@npm:0.15.7"
  dependencies:
    ts-node: ^10.8.2
  checksum: 8d3f8a11f12ba7e3da0f166fe70ec0d31b00f7e820161d878f97b967c26a37096ce07233e0abb0cf2073fccf7644453bd22956f5ebad4905bec5987afc0c51b7
  languageName: node
  linkType: hard

"@dfinity/identity@npm:^0.15.3":
  version: 0.15.7
  resolution: "@dfinity/identity@npm:0.15.7"
  dependencies:
    borc: ^2.1.1
    js-sha256: ^0.9.0
    tweetnacl: ^1.0.1
  peerDependencies:
    "@dfinity/agent": ^0.15.7
    "@dfinity/principal": ^0.15.7
    "@peculiar/webcrypto": ^1.4.0
  checksum: ab08fec12361583cff52912a9d484ab97c198871ba258641e72a9d8da3658e59fac2c0a2bf718efc4f19f03eeaa5b16b782d25743fb287fda95e400289c9b1b7
  languageName: node
  linkType: hard

"@dfinity/ledger@npm:^0.0.11":
  version: 0.0.11
  resolution: "@dfinity/ledger@npm:0.0.11"
  peerDependencies:
    "@dfinity/agent": ^0.15.4
    "@dfinity/candid": ^0.15.4
    "@dfinity/principal": ^0.15.4
    "@dfinity/utils": ^0.0.18
  checksum: 826102ea37c3dfbbe2448a5cd7b37ce56b78bdf14e09e167fa5765fb40377f0305d7ad6164439c625d74bffea311811e805928c8077d89788fd6187fc7cd0fbb
  languageName: node
  linkType: hard

"@dfinity/principal@npm:^0.15.3":
  version: 0.15.7
  resolution: "@dfinity/principal@npm:0.15.7"
  dependencies:
    js-sha256: ^0.9.0
    ts-node: ^10.8.2
  checksum: 16a8a9e8fadc7ef578210d8dee5a16c0b6fbf1abe7089207110f1bec261f1b81dade3027105c4563985ee3d00a0b97e28fa5c4745afa6cffd2e6ef4b143e4b2c
  languageName: node
  linkType: hard

"@jridgewell/resolve-uri@npm:^3.0.3":
  version: 3.1.1
  resolution: "@jridgewell/resolve-uri@npm:3.1.1"
  checksum: 874cf20998265d1b9f55f90530c9fb5f52cbd49780aca964c56cf78a160f9a1c1d1e0c859776328874b2c85e7e59dc022c025fd3f6ef1e5c14851ae48bf066b1
  languageName: node
  linkType: hard

"@jridgewell/sourcemap-codec@npm:^1.4.10":
  version: 1.4.15
  resolution: "@jridgewell/sourcemap-codec@npm:1.4.15"
  checksum: 6d731b4d60cd10dd0a853889cbb4aac64805f03b9b14fcdba0573d058c8368696248afc33e04d8fac1571327b2ee5083848d586409270a2c19e6f8f1ae331ca7
  languageName: node
  linkType: hard

"@jridgewell/trace-mapping@npm:0.3.9":
  version: 0.3.9
  resolution: "@jridgewell/trace-mapping@npm:0.3.9"
  dependencies:
    "@jridgewell/resolve-uri": ^3.0.3
    "@jridgewell/sourcemap-codec": ^1.4.10
  checksum: 065bcd51afd4c4eca1ee09c8be43cf261602fc6816b27833d55b338505ca471b2b156eb5efbda49124195998be7c6ed1dc2fb345f20ec45b9dee8522b7b6b6e8
  languageName: node
  linkType: hard

"@ljharb/resumer@npm:^0.0.1":
  version: 0.0.1
  resolution: "@ljharb/resumer@npm:0.0.1"
  dependencies:
    "@ljharb/through": ^2.3.9
  checksum: a6c5a83e4149f754dc4868176421a6c2b5fe4c1c708c789d90512dc792fdc7947a31b421b6b6848ec06a72ac8782dec435e7fb557ba50de0b2d09f06859c50e0
  languageName: node
  linkType: hard

"@ljharb/through@npm:^2.3.11, @ljharb/through@npm:^2.3.9":
  version: 2.3.11
  resolution: "@ljharb/through@npm:2.3.11"
  dependencies:
    call-bind: ^1.0.2
  checksum: 1ebdde12ed0bebe9ec312e4686cb610cb4edb67dc82a37e8f4a253d2c8fd8e21f81520e52a1c3b826eefb6591cd4c8619526630a9594ba5b20718376d1b51d74
  languageName: node
  linkType: hard

"@tsconfig/node10@npm:^1.0.7":
  version: 1.0.9
  resolution: "@tsconfig/node10@npm:1.0.9"
  checksum: 8e23ce5fde430be73942b9d4f298b4c8c52fb90c236a8b05b3b4e2fa6a8765cfb04b2355107da1b28e8f6cd12f750d7c4212f006bbf68d02f8e425f2dfff3180
  languageName: node
  linkType: hard

"@tsconfig/node12@npm:^1.0.7":
  version: 1.0.11
  resolution: "@tsconfig/node12@npm:1.0.11"
  checksum: d9595f9e7ad133529c08354d426043797e10546560c94112604693eebcf96369a03b1a192c7c5a641da3fabc4471e83bea1de5b32eeec374343ceb4070c5eecd
  languageName: node
  linkType: hard

"@tsconfig/node14@npm:^1.0.0":
  version: 1.0.3
  resolution: "@tsconfig/node14@npm:1.0.3"
  checksum: 3f352ac89d0dba3a0d2d5d435715d24868cd483e864f1da800a64b18c9142f55c002edcbd579b622a4850d7c9b7a5b7597c634233702df8018524a504e21d59f
  languageName: node
  linkType: hard

"@tsconfig/node16@npm:^1.0.2":
  version: 1.0.4
  resolution: "@tsconfig/node16@npm:1.0.4"
  checksum: e472fc4e6b21c792619b88c6c2685fcb61f9bd525adb17a17069af7e518a873003b98a0984fbfcd53fbb09de0db3d6441126067efee81cfd78c5729695a788ad
  languageName: node
  linkType: hard

"acorn-walk@npm:^8.1.1":
  version: 8.3.0
  resolution: "acorn-walk@npm:8.3.0"
  checksum: 2f57e054f264b352e256c604d23dcba9c967eba7ebfed71087e4401c0319582a10b842e56de8e95d4ce3637759ae9f0f836049e215464e99846629910c9ed47d
  languageName: node
  linkType: hard

"acorn@npm:^8.4.1":
  version: 8.11.2
  resolution: "acorn@npm:8.11.2"
  bin:
    acorn: bin/acorn
  checksum: 66103b84c14075ad6c269135b04ba8175ab2054e6e6df705fed8751fb4272d42718479ff4ef104bf48cfd6a7534918b6f3f1fd84ab557e3389a3621a9df075a6
  languageName: node
  linkType: hard

"arg@npm:^4.1.0":
  version: 4.1.3
  resolution: "arg@npm:4.1.3"
  checksum: 81b3b40b1529c4fbf75b12f7c3e6fb2dcce9e78072063babc169de9b4f40777788f3d2b04380f659ef676a756e03ccfbfe78adf4477353bda906295fa69dab89
  languageName: node
  linkType: hard

"array-buffer-byte-length@npm:^1.0.0":
  version: 1.0.0
  resolution: "array-buffer-byte-length@npm:1.0.0"
  dependencies:
    call-bind: ^1.0.2
    is-array-buffer: ^3.0.1
  checksum: bb44c1c0476a3b8a71680215d8e0736b9d59ee6002815a55eec1aa949ce583154e790fd761c0f2a6aead4d26cd660d750ccd3040b0ad1fd9c34e7698a62e4e7c
  languageName: node
  linkType: hard

"array.prototype.every@npm:^1.1.5":
  version: 1.1.5
  resolution: "array.prototype.every@npm:1.1.5"
  dependencies:
    call-bind: ^1.0.2
    define-properties: ^1.2.0
    es-abstract: ^1.22.1
    is-string: ^1.0.7
  checksum: f26063682cbc5a6928692cc85f83819392e4f594ad3c4cf1c891a4229e983de470f09a8d85e0b2ee465882b841d709b37f3587088cae14bcf2991989334b2fcb
  languageName: node
  linkType: hard

"arraybuffer.prototype.slice@npm:^1.0.2":
  version: 1.0.2
  resolution: "arraybuffer.prototype.slice@npm:1.0.2"
  dependencies:
    array-buffer-byte-length: ^1.0.0
    call-bind: ^1.0.2
    define-properties: ^1.2.0
    es-abstract: ^1.22.1
    get-intrinsic: ^1.2.1
    is-array-buffer: ^3.0.2
    is-shared-array-buffer: ^1.0.2
  checksum: 6520153972c6257b316a370a5e8432ab1a12e9de64d2f13fc1eabe4b27bf8765925ca402edb6dd90ee32ae92e6a03d8f19ec4b1094f52184a9fefdc8fc4a84fb
  languageName: node
  linkType: hard

"available-typed-arrays@npm:^1.0.5":
  version: 1.0.5
  resolution: "available-typed-arrays@npm:1.0.5"
  checksum: d08c9a44c1b5963395418ad32aff318eb70f368336338d2a6d81e5bcca2bc51ddd29103be15c0c468de7eb2df525af3f3dbc1fdc9a905161771967f305ee2a95
  languageName: node
  linkType: hard

"balanced-match@npm:^1.0.0":
  version: 1.0.2
  resolution: "balanced-match@npm:1.0.2"
  checksum: 690643f3009a04289ac401079de5a780aae452f7625fb2884051cc847b231e6521ee15dd6430b066d3cf4bd8bb00bb7ff55b7d134f34b8f0b8c043806796f94e
  languageName: node
  linkType: hard

"base64-arraybuffer@npm:^0.2.0":
  version: 0.2.0
  resolution: "base64-arraybuffer@npm:0.2.0"
  checksum: 097fafec2f8ac4b9de62426cf7132123b82f6f5a941dc45301a532ae54d64b75af45ab92dc041dc6d77a3fcdc1032143b39450bb8eeefe7a3d22ac69c7e3df8a
  languageName: node
  linkType: hard

"base64-js@npm:^1.3.1":
  version: 1.5.1
  resolution: "base64-js@npm:1.5.1"
  checksum: c1b41a26ddc6620eb7f1ee6c29c812f5942a4e328e74263f995872cfb8ca3aee08542beb25cd10fd7ef16e4f16603e25c35a26e776c01fd55277e5035e829e0e
  languageName: node
  linkType: hard

"bignumber.js@npm:^9.0.0":
  version: 9.1.2
  resolution: "bignumber.js@npm:9.1.2"
  checksum: bae11fdf0b0f259991520d220fab787aa74e5a8c92f808aaee87f1047c8c72ec80495b36bc161397415e6e86ec3ac55fb40d62d3b2ab419f3547e18464639724
  languageName: node
  linkType: hard

"borc@npm:^2.1.1":
  version: 2.1.2
  resolution: "borc@npm:2.1.2"
  dependencies:
    bignumber.js: ^9.0.0
    buffer: ^5.5.0
    commander: ^2.15.0
    ieee754: ^1.1.13
    iso-url: ~0.4.7
    json-text-sequence: ~0.1.0
    readable-stream: ^3.6.0
  checksum: cde79b18adc3a18160daf6bf2090cc16cfecb4a05775dcfb0d2557134ee6486f21b789bab37ddc9b4cee361ab310a9a6754d3079a7b655927fd60181b1a23516
  languageName: node
  linkType: hard

"brace-expansion@npm:^1.1.7":
  version: 1.1.11
  resolution: "brace-expansion@npm:1.1.11"
  dependencies:
    balanced-match: ^1.0.0
    concat-map: 0.0.1
  checksum: 4c878e25e4858baf801945dfd63eb68feab2e502cf1122f25f3915c0e3bf397af3a93ff6bef0798db41c0d81ef28c08e55daac38058710f749a3b96eee6b8f40
  languageName: node
  linkType: hard

"buffer@npm:^5.5.0":
  version: 5.7.1
  resolution: "buffer@npm:5.7.1"
  dependencies:
    base64-js: ^1.3.1
    ieee754: ^1.1.13
  checksum: 1750ac396eb36e0157ff5299509723ac0681338ef6cd40b039bc86d59c8b9a9494e99db992836eb6d637de0b270b53ec1a62d4a1c9faeaa51468cc340e553984
  languageName: node
  linkType: hard

"call-bind@npm:^1.0.0, call-bind@npm:^1.0.2, call-bind@npm:^1.0.4, call-bind@npm:^1.0.5":
  version: 1.0.5
  resolution: "call-bind@npm:1.0.5"
  dependencies:
    function-bind: ^1.1.2
    get-intrinsic: ^1.2.1
    set-function-length: ^1.1.1
  checksum: f47d93a9fe2718a0a6b8b45045726dc6c194069994348f94ab9583c259b2f03c18bd06413ffe5e07e1b091a4477aee294ac1b7ae4d3b87d6543a45a99504a952
  languageName: node
  linkType: hard

"commander@npm:^2.15.0":
  version: 2.20.3
  resolution: "commander@npm:2.20.3"
  checksum: b73428e97de7624323f81ba13f8ed9271de487017432d18b4da3f07cfc528ad754bbd199004bd5d14e0ccd67d1fdfe0ec8dbbd4c438b401df3c4cc387bfd1daa
  languageName: node
  linkType: hard

"concat-map@npm:0.0.1":
  version: 0.0.1
  resolution: "concat-map@npm:0.0.1"
  checksum: 554e28d9ee5aa6e061795473ee092cb3d3a2cbdb76c35416e0bb6e03f136d7d07676da387b2ed0ec4106cedbb6534080d9abc48ecc4a92b76406cf2d0c3c0c4b
  languageName: node
  linkType: hard

"create-require@npm:^1.1.0":
  version: 1.1.1
  resolution: "create-require@npm:1.1.1"
  checksum: babd307893abfb26d77ae11cb9d6b6cfa6d18c9cee435cf70b5a3fb44aa8d90c9ec26ea89cbb16e0a94b8d34f5fcaee164b90ed526cdd3158955673ab9652d01
  languageName: node
  linkType: hard

"deep-equal@npm:^2.2.2":
  version: 2.2.3
  resolution: "deep-equal@npm:2.2.3"
  dependencies:
    array-buffer-byte-length: ^1.0.0
    call-bind: ^1.0.5
    es-get-iterator: ^1.1.3
    get-intrinsic: ^1.2.2
    is-arguments: ^1.1.1
    is-array-buffer: ^3.0.2
    is-date-object: ^1.0.5
    is-regex: ^1.1.4
    is-shared-array-buffer: ^1.0.2
    isarray: ^2.0.5
    object-is: ^1.1.5
    object-keys: ^1.1.1
    object.assign: ^4.1.4
    regexp.prototype.flags: ^1.5.1
    side-channel: ^1.0.4
    which-boxed-primitive: ^1.0.2
    which-collection: ^1.0.1
    which-typed-array: ^1.1.13
  checksum: 3c130759eebd1b7e2d8449d927943cae818f79de57cc8e61a7849ac2f70159c4cd281be71fdcebc59f5285678b60b153b9d526b0d03d50e74813b606690bc29f
  languageName: node
  linkType: hard

"define-data-property@npm:^1.0.1, define-data-property@npm:^1.1.1":
  version: 1.1.1
  resolution: "define-data-property@npm:1.1.1"
  dependencies:
    get-intrinsic: ^1.2.1
    gopd: ^1.0.1
    has-property-descriptors: ^1.0.0
  checksum: 8bdfc34eaf5e41b7b0f5cf28f10cf7c4178564201751f37196849296ff58782b4345e7b18e84893f5e07b410ff68665ab3433a2f0222b734ea9ade36468c5a0c
  languageName: node
  linkType: hard

"define-properties@npm:^1.1.3, define-properties@npm:^1.1.4, define-properties@npm:^1.2.0":
  version: 1.2.1
  resolution: "define-properties@npm:1.2.1"
  dependencies:
    define-data-property: ^1.0.1
    has-property-descriptors: ^1.0.0
    object-keys: ^1.1.1
  checksum: 9cb0e282ddbd1ff1bee49e3866706d2610287859394083e8f9dda2012558b35ea7c2099a3a401356c8b7b30c6ed541c1515602bc08ee9523c6915c65ba858b26
  languageName: node
  linkType: hard

"defined@npm:^1.0.1":
  version: 1.0.1
  resolution: "defined@npm:1.0.1"
  checksum: 37469f0d9cc6d2b872f738d6b5bb1b3dc0d1e57de1065fe56160b22aa6e637eb37e6bcab1f9d3eda10ee953ced4d1e218f195402c98b83570d8f6c88e9b3984d
  languageName: node
  linkType: hard

"delimit-stream@npm:0.1.0":
  version: 0.1.0
  resolution: "delimit-stream@npm:0.1.0"
  checksum: eacce31ba874c495ef392952253461cde11e0e3838b82bd6e1561f71a493087a0529679b6bbd296965889e0cc3963cf1380439b892f1982d6f6d0682d89bcdf1
  languageName: node
  linkType: hard

"diff@npm:^4.0.1":
  version: 4.0.2
  resolution: "diff@npm:4.0.2"
  checksum: 81b5cd7ddde6f0ba2a532d434cfdca365aedd6cc62bb133e851e66e071d40382a30924a07c1034bd3d5a2e332146f64514b73c06fe2ebc0490a67f0c98da79fb
  languageName: node
  linkType: hard

"dotignore@npm:^0.1.2":
  version: 0.1.2
  resolution: "dotignore@npm:0.1.2"
  dependencies:
    minimatch: ^3.0.4
  bin:
    ignored: bin/ignored
  checksum: fe033bb7acd3833cd3b95fc80166026529069e8c726d41dcd45e52ce3a20c5f2575313f543b81f3410ada5250285786468bd03acd2b7550786150e07589325c0
  languageName: node
  linkType: hard

"es-abstract@npm:^1.22.1":
  version: 1.22.3
  resolution: "es-abstract@npm:1.22.3"
  dependencies:
    array-buffer-byte-length: ^1.0.0
    arraybuffer.prototype.slice: ^1.0.2
    available-typed-arrays: ^1.0.5
    call-bind: ^1.0.5
    es-set-tostringtag: ^2.0.1
    es-to-primitive: ^1.2.1
    function.prototype.name: ^1.1.6
    get-intrinsic: ^1.2.2
    get-symbol-description: ^1.0.0
    globalthis: ^1.0.3
    gopd: ^1.0.1
    has-property-descriptors: ^1.0.0
    has-proto: ^1.0.1
    has-symbols: ^1.0.3
    hasown: ^2.0.0
    internal-slot: ^1.0.5
    is-array-buffer: ^3.0.2
    is-callable: ^1.2.7
    is-negative-zero: ^2.0.2
    is-regex: ^1.1.4
    is-shared-array-buffer: ^1.0.2
    is-string: ^1.0.7
    is-typed-array: ^1.1.12
    is-weakref: ^1.0.2
    object-inspect: ^1.13.1
    object-keys: ^1.1.1
    object.assign: ^4.1.4
    regexp.prototype.flags: ^1.5.1
    safe-array-concat: ^1.0.1
    safe-regex-test: ^1.0.0
    string.prototype.trim: ^1.2.8
    string.prototype.trimend: ^1.0.7
    string.prototype.trimstart: ^1.0.7
    typed-array-buffer: ^1.0.0
    typed-array-byte-length: ^1.0.0
    typed-array-byte-offset: ^1.0.0
    typed-array-length: ^1.0.4
    unbox-primitive: ^1.0.2
    which-typed-array: ^1.1.13
  checksum: 215ba099ba34f97d15abc528497655a63805b2332dfb412ca1ccf678d4d8af9c2701581eeb563e7337ee9994fdac6cdc3b1cf9f57ed320bc9ab387692619e462
  languageName: node
  linkType: hard

"es-get-iterator@npm:^1.1.3":
  version: 1.1.3
  resolution: "es-get-iterator@npm:1.1.3"
  dependencies:
    call-bind: ^1.0.2
    get-intrinsic: ^1.1.3
    has-symbols: ^1.0.3
    is-arguments: ^1.1.1
    is-map: ^2.0.2
    is-set: ^2.0.2
    is-string: ^1.0.7
    isarray: ^2.0.5
    stop-iteration-iterator: ^1.0.0
  checksum: 84c5b0e5c11533fedd6510f46375b134ebe21ff2068bbae1530eb99a456a7979301ae2b3a4619ec19ed6acdd31bdc8497c0397ea34903866f623129c2d569671
  languageName: node
  linkType: hard

"es-set-tostringtag@npm:^2.0.1":
  version: 2.0.2
  resolution: "es-set-tostringtag@npm:2.0.2"
  dependencies:
    get-intrinsic: ^1.2.2
    has-tostringtag: ^1.0.0
    hasown: ^2.0.0
  checksum: a80403a99c06c170492e5ebe80a83b5265c49aced5626b5b5fa73cbcc33f59591e2c25fdf99169e71abe1b2ed1fea9ede2c56da21038252ba4e40730ad9d3960
  languageName: node
  linkType: hard

"es-to-primitive@npm:^1.2.1":
  version: 1.2.1
  resolution: "es-to-primitive@npm:1.2.1"
  dependencies:
    is-callable: ^1.1.4
    is-date-object: ^1.0.1
    is-symbol: ^1.0.2
  checksum: d20b7be268b84662469972ec7265a57d4d6a65b9bf2b73f040d75e14f9f6dbe266a1a88579162e11349f9cb70eaa17640efb515c90dab19745a904b680b14be3
  languageName: node
  linkType: hard

"for-each@npm:^0.3.3":
  version: 0.3.3
  resolution: "for-each@npm:0.3.3"
  dependencies:
    is-callable: ^1.1.3
  checksum: 691c38d0e525c3e7e5d00b155bbe0021ee8b6ff22f225b1ec2fcabc8fd969ea24c1d2ca3a57c7ddebda304355127ac23e741f801591d1eb9b49b810da47794dc
  languageName: node
  linkType: hard

"fs.realpath@npm:^1.0.0":
  version: 1.0.0
  resolution: "fs.realpath@npm:1.0.0"
  checksum: 698a91b1695e3926185c9e5b0dd57cf687dceb4eb73799af91e6b2ab741735e2962c366c5af6403ffddae2619914193bd339efa706fdc984d0ffc74b7a3603f4
  languageName: node
  linkType: hard

"function-bind@npm:^1.1.2":
  version: 1.1.2
  resolution: "function-bind@npm:1.1.2"
  checksum: 0d0c3d1dbe839454b444f2b9ee49cfdc35e40ed48c46658ad7f45d7e8621479adad93195fdd509860c5a339a69e2ffd9312d2e2ddb8671c248c9ff2942124468
  languageName: node
  linkType: hard

"function.prototype.name@npm:^1.1.6":
  version: 1.1.6
  resolution: "function.prototype.name@npm:1.1.6"
  dependencies:
    call-bind: ^1.0.2
    define-properties: ^1.2.0
    es-abstract: ^1.22.1
    functions-have-names: ^1.2.3
  checksum: 21fb6aa8f7ce2605322289a9ae6f966be549388486d342ad36d0b09edc563e3009544f13abfe643b3b6efe3bebf4397e84b6ab795cb49e6124e92acbd16519a0
  languageName: node
  linkType: hard

"functions-have-names@npm:^1.2.3":
  version: 1.2.3
  resolution: "functions-have-names@npm:1.2.3"
  checksum: c3133492123c2bfb8e5ec8ffa885518b1bacc31a0169db6f180dfa9cecd24cae9041c0f31f2733db382d1585ddb0b2226937488ce892cf7f2339d6a5687708f3
  languageName: node
  linkType: hard

"get-intrinsic@npm:^1.0.2, get-intrinsic@npm:^1.1.1, get-intrinsic@npm:^1.1.3, get-intrinsic@npm:^1.2.0, get-intrinsic@npm:^1.2.1, get-intrinsic@npm:^1.2.2":
  version: 1.2.2
  resolution: "get-intrinsic@npm:1.2.2"
  dependencies:
    function-bind: ^1.1.2
    has-proto: ^1.0.1
    has-symbols: ^1.0.3
    hasown: ^2.0.0
  checksum: 125c037baa637204513b8771db44dd80590c3a534fb5e19552d14ed086af1b3516e9d0100e00d11c8c9d09138da27e2361195d16febe9bff1a0687ece820a317
  languageName: node
  linkType: hard

"get-package-type@npm:^0.1.0":
  version: 0.1.0
  resolution: "get-package-type@npm:0.1.0"
  checksum: a5b8beaf68d8bcdb507e23b3d2b6458e54b9061e84e2a8a94b846c8e1d794beb47fdcbda895da16ae59225bb3ea1608c0719e4f986e8a987ec2f228eaf00d78b
  languageName: node
  linkType: hard

"get-symbol-description@npm:^1.0.0":
  version: 1.0.0
  resolution: "get-symbol-description@npm:1.0.0"
  dependencies:
    call-bind: ^1.0.2
    get-intrinsic: ^1.1.1
  checksum: 18f90e08b5f8ef01ec109a50b0ef44d24382439388678e82808f0699ea57863eb0242b805f12db5afed2447d90f3db36ea2fd676d9776eb57844ebda4a285db7
  languageName: node
  linkType: hard

"glob@npm:^7.2.3":
  version: 7.2.3
  resolution: "glob@npm:7.2.3"
  dependencies:
    fs.realpath: ^1.0.0
    inflight: ^1.0.4
    inherits: 2
    minimatch: ^3.1.1
    once: ^1.3.0
    path-is-absolute: ^1.0.0
  checksum: 48c72ab438f8fc8aa2135d408d8af167d7bacf175b84d87a60d401cbdc50330aeb602cf16868efd4dbdb249117173394c25d49b2f642dd4764813ee6f9458c6c
  languageName: node
  linkType: hard

"globalthis@npm:^1.0.3":
  version: 1.0.3
  resolution: "globalthis@npm:1.0.3"
  dependencies:
    define-properties: ^1.1.3
  checksum: 9de957314aa9d3874599b49f995cbc1cfc211d5697c9b1d8c3a85998d1ac6c072cf892b0c9d8327b1deb9adac55b20428d9ff3f99338956eb879c6127960b736
  languageName: node
  linkType: hard

"gopd@npm:^1.0.1":
  version: 1.0.1
  resolution: "gopd@npm:1.0.1"
  dependencies:
    get-intrinsic: ^1.1.3
  checksum: e3e651934e1915cb9dede75440b08542e6232aee55fd4718a432f9a9a341a090842533e202f12b60093adeaad47069dd22713ee5bca5fb63c6ea0ad4f5481c4c
  languageName: node
  linkType: hard

"has-bigints@npm:^1.0.1, has-bigints@npm:^1.0.2":
  version: 1.0.2
  resolution: "has-bigints@npm:1.0.2"
  checksum: e85980d35de03b0b4d945526b01c354d0ee63b02ae92b448f3707ee1de19b002b821d2f493736b89be4aadb6a6fa6cbcbad4cb7530fff2285356096216e8f2e9
  languageName: node
  linkType: hard

"has-dynamic-import@npm:^2.0.1":
  version: 2.0.1
  resolution: "has-dynamic-import@npm:2.0.1"
  dependencies:
    call-bind: ^1.0.2
    get-intrinsic: ^1.1.1
  checksum: 70303316ad8dd16c04412a29aea6c9cfb7da5bb11d0acda50b8a59554c952278f2c99319f2fa1250d88fa0b080e228c6f995a7744e923741292959c5ae69a3c5
  languageName: node
  linkType: hard

"has-property-descriptors@npm:^1.0.0":
  version: 1.0.1
  resolution: "has-property-descriptors@npm:1.0.1"
  dependencies:
    get-intrinsic: ^1.2.2
  checksum: edbfa9028fb4aa73617aa33da8277a836fb80f9bca755536ecb9db94ac12681aac3b2c4458935afaea5be85d0967a8f98b0637467deceae366802bda9c5834d0
  languageName: node
  linkType: hard

"has-proto@npm:^1.0.1":
  version: 1.0.1
  resolution: "has-proto@npm:1.0.1"
  checksum: 9007a6cd8965598d62c710804e1f01b623dd91cf05a40f265e9dee36c1e4ee311c69fcf8c5063c608ccbd5cefedbd3e60f1d939ef32096631a447101b125c5c5
  languageName: node
  linkType: hard

"has-symbols@npm:^1.0.2, has-symbols@npm:^1.0.3":
  version: 1.0.3
  resolution: "has-symbols@npm:1.0.3"
  checksum: 4b7e882feed6c1f53c8a01ec7a55ec0fe7654ebeeee76093916f8b0ccc3e1a6a115def0053e9113a353439c6276a90a5b9623fbed668bab660f65b04af25da2e
  languageName: node
  linkType: hard

"has-tostringtag@npm:^1.0.0":
  version: 1.0.0
  resolution: "has-tostringtag@npm:1.0.0"
  dependencies:
    has-symbols: ^1.0.2
  checksum: f66b738e6b641f47a67f75a39afbdc7e2505bf174ea5fbab97082ad4d3ece66201508ea768775b2b72cdb849de63f3fedb2f005aac390d268db9f273a779df4a
  languageName: node
  linkType: hard

"hasown@npm:^2.0.0":
  version: 2.0.0
  resolution: "hasown@npm:2.0.0"
  dependencies:
    function-bind: ^1.1.2
  checksum: 5d9c0e10b4e5bafb8ad9231270cf5d07225525f9f6732dfd3d9ef1eb30f728b3e8c6b883d3943db77ecd3a8855cbd0cb6d66e5f2921d7df27f8084f0bdf8a43f
  languageName: node
  linkType: hard

"icrc7_test@workspace:.":
  version: 0.0.0-use.local
  resolution: "icrc7_test@workspace:."
  dependencies:
    "@dfinity/agent": ^0.15.3
    "@dfinity/auth-client": ^0.15.3
    "@dfinity/candid": ^0.15.3
    "@dfinity/identity": ^0.15.3
    "@dfinity/ledger": ^0.0.11
    "@dfinity/principal": ^0.15.3
    tape: ^5.6.4
  languageName: unknown
  linkType: soft

"idb@npm:^7.0.2":
  version: 7.1.1
  resolution: "idb@npm:7.1.1"
  checksum: fe1beffc21d722b4b32f3bdd8b1c897bd2e30349f9dcb9e3c94a189d328311ec1424c987b042a14edca09465ad9f1a408ac4e7ebef6efb34150353b56c1c3db4
  languageName: node
  linkType: hard

"ieee754@npm:^1.1.13":
  version: 1.2.1
  resolution: "ieee754@npm:1.2.1"
  checksum: 6c1cfab995ecab3b0dbb6cfb7e192686eb02f0f8e788f2d962e1fc02e2d5ab38a85e06d417221f136bd029663a77cdb920d99605d68d3730a05597dd7910426a
  languageName: node
  linkType: hard

"inflight@npm:^1.0.4":
  version: 1.0.6
  resolution: "inflight@npm:1.0.6"
  dependencies:
    once: ^1.3.0
    wrappy: 1
  checksum: 17c53fc42cbe7f7f471d2bc41b97a0cde4b79a74d5ff59997d3f75210566fa278e17596da526d43de2bd07e222706240ce50e60097e54f2cde2e64cbbb372638
  languageName: node
  linkType: hard

"inherits@npm:2, inherits@npm:^2.0.3, inherits@npm:^2.0.4":
  version: 2.0.4
  resolution: "inherits@npm:2.0.4"
  checksum: 98426da247ddfc3dcd7d7daedd90c3ca32d5b08deca08949726f12d49232aef94772a07b36cf4ff833e105ae2ef931777f6de4a6dd8245a216b9299ad4a50bea
  languageName: node
  linkType: hard

"internal-slot@npm:^1.0.4, internal-slot@npm:^1.0.5":
  version: 1.0.6
  resolution: "internal-slot@npm:1.0.6"
  dependencies:
    get-intrinsic: ^1.2.2
    hasown: ^2.0.0
    side-channel: ^1.0.4
  checksum: 65e6893bca5e3d7c67cb2a21c45d9e0d3675eac03ad81b4b8a3a8c559a7be3cab4d86c32a912b353d8afb2b7bf4cb510845ce3954c33355f338ff9fa335c58de
  languageName: node
  linkType: hard

"is-arguments@npm:^1.1.1":
  version: 1.1.1
  resolution: "is-arguments@npm:1.1.1"
  dependencies:
    call-bind: ^1.0.2
    has-tostringtag: ^1.0.0
  checksum: 51b8bf285540cca90e49a712910d9a35f3dea61bd0bee4db04d5c4ebacbce2f493725191ab56846bce5fbc496fcc122fa8cc387c08b3cf75478a0a0b1c502bde
  languageName: node
  linkType: hard

"is-array-buffer@npm:^3.0.1, is-array-buffer@npm:^3.0.2":
  version: 3.0.2
  resolution: "is-array-buffer@npm:3.0.2"
  dependencies:
    call-bind: ^1.0.2
    get-intrinsic: ^1.2.0
    is-typed-array: ^1.1.10
  checksum: 6a6ed748f175e86305dd6a26d071a8e8acc2c7fbe8eaaea8662affb507476460b879d8582a16d676b2b92680713b7b63334fbeeadc3458dd9bbbf3aee3ef4bfb
  languageName: node
  linkType: hard

"is-bigint@npm:^1.0.1":
  version: 1.0.4
  resolution: "is-bigint@npm:1.0.4"
  dependencies:
    has-bigints: ^1.0.1
  checksum: 213e652ee9382a185b97e1c33956bdaa44a50eb466bec5d3a5c89d53bfca397e970ae70a75f5989332bb2790c6356f35ac1be5181f3622a84d8b8401dae13dad
  languageName: node
  linkType: hard

"is-boolean-object@npm:^1.1.0":
  version: 1.1.2
  resolution: "is-boolean-object@npm:1.1.2"
  dependencies:
    call-bind: ^1.0.2
    has-tostringtag: ^1.0.0
  checksum: 2ce475fb2a4993a27a128054646a848e51c4864469dd9a6a1a077f19cc292fc0454b0bf73a9614b3b87614b7facbc100ce004920d206f7097563283bba5fcee3
  languageName: node
  linkType: hard

"is-callable@npm:^1.1.3, is-callable@npm:^1.1.4, is-callable@npm:^1.2.7":
  version: 1.2.7
  resolution: "is-callable@npm:1.2.7"
  checksum: b7693ef4c5f0b1259952339d8cccacbe198eb34538372c70a290d35f3f73e0fe3eb88d3e942a17b53d6abf7b2add6c245654959c71e60923a649220a50b3588c
  languageName: node
  linkType: hard

"is-core-module@npm:^2.13.0":
  version: 2.13.1
  resolution: "is-core-module@npm:2.13.1"
  dependencies:
    hasown: ^2.0.0
  checksum: a19e63cd9a1c0b8f1dee0ed3d7c4b0ac80319155f41e117fee6133b41c93f77bedf5c7ce77f93b3fbe3b8e855e94f608266aff7c79b6d9a0704d981c3a29968e
  languageName: node
  linkType: hard

"is-date-object@npm:^1.0.1, is-date-object@npm:^1.0.5":
  version: 1.0.5
  resolution: "is-date-object@npm:1.0.5"
  dependencies:
    has-tostringtag: ^1.0.0
  checksum: 9d48e00933092f2a9649a4276fe014f23b41d848339fb63a20774a270af312b74a5f98e2a0697c0345ac5f61eed72e99aded0569a5a8d32aa059f5cee67578f4
  languageName: node
  linkType: hard

"is-map@npm:^2.0.1, is-map@npm:^2.0.2":
  version: 2.0.2
  resolution: "is-map@npm:2.0.2"
  checksum: 2d9b1a0b0dc19ba4486278297586200ec9f166b068bddf1e05f0c0ab9eac197fb6efac32efc2a970d1036b96fa08806337a9dd6808365a5cef6a392a88a2ca2a
  languageName: node
  linkType: hard

"is-negative-zero@npm:^2.0.2":
  version: 2.0.2
  resolution: "is-negative-zero@npm:2.0.2"
  checksum: 34aa0e6d7bf919ae3833591100ee371f21b33f602bc2af4fd85b77ee3f65b78611387791e47e9ce653a2b5a2062c21649c53824973f7858b4f8e045bb8846752
  languageName: node
  linkType: hard

"is-number-object@npm:^1.0.4":
  version: 1.0.7
  resolution: "is-number-object@npm:1.0.7"
  dependencies:
    has-tostringtag: ^1.0.0
  checksum: 99951ef179e651df5931a663e22e9f65bcb14cc141cfab94927cb9c165a2a29ec9564092b4533f725f85c7f6e6f89c94be31d5390e41e802fcd264d3ffcd1d7e
  languageName: node
  linkType: hard

"is-regex@npm:^1.1.4":
  version: 1.1.4
  resolution: "is-regex@npm:1.1.4"
  dependencies:
    call-bind: ^1.0.2
    has-tostringtag: ^1.0.0
  checksum: a9c466f93191ec306c5293d9d61a4360178bcdad0b642ef24d612a7392176c0f217498fde1e7c8e1cb3c520ac5c1b6d59da4b9148c23afbdd4374dec33127d0e
  languageName: node
  linkType: hard

"is-set@npm:^2.0.1, is-set@npm:^2.0.2":
  version: 2.0.2
  resolution: "is-set@npm:2.0.2"
  checksum: 5fb8f3c67d7a836f992d893e8de578a16f36507941e68197a7aced7cfb33231e99bfd5dc008803c02b6f5aabe226d3e7df94172895f119e6a02b946e254adc87
  languageName: node
  linkType: hard

"is-shared-array-buffer@npm:^1.0.2":
  version: 1.0.2
  resolution: "is-shared-array-buffer@npm:1.0.2"
  dependencies:
    call-bind: ^1.0.2
  checksum: 9a7220da6df141880838f9e4ba766aa162e7d666e1d3e711486fd6da741aad5a19a346cb36976f282de6b3ac399b5b4f8f9b610093b3f916afd9802bf24eaf9a
  languageName: node
  linkType: hard

"is-string@npm:^1.0.5, is-string@npm:^1.0.7":
  version: 1.0.7
  resolution: "is-string@npm:1.0.7"
  dependencies:
    has-tostringtag: ^1.0.0
  checksum: 29acb230cceafc33005a9710e1a25161c601282afc61fa2109cb60cf28f78ef0ef0b3ec20b1833f7b572f32ddf5034a0efa0c118af1a8ec58c277423c9d63418
  languageName: node
  linkType: hard

"is-symbol@npm:^1.0.2, is-symbol@npm:^1.0.3":
  version: 1.0.4
  resolution: "is-symbol@npm:1.0.4"
  dependencies:
    has-symbols: ^1.0.2
  checksum: 2794e0b9c3d6ca760b2f46c0132917746ce95fe034556e0e4da341e59f6171c9b733d2f0942475ecdee2e5b6d80a6e021eba200076fefcc79348ac48d56ad4b5
  languageName: node
  linkType: hard

"is-typed-array@npm:^1.1.10, is-typed-array@npm:^1.1.12, is-typed-array@npm:^1.1.9":
  version: 1.1.12
  resolution: "is-typed-array@npm:1.1.12"
  dependencies:
    which-typed-array: ^1.1.11
  checksum: 48dd77e7c064e0aa396b38f5c2494c24cebd2476524fce80c1279d5d709f2ba4c6b68f4a33968ada135f5d56cc9a7770f65c7d323ac027e5506d0aa4cf662376
  languageName: node
  linkType: hard

"is-weakmap@npm:^2.0.1":
  version: 2.0.1
  resolution: "is-weakmap@npm:2.0.1"
  checksum: 24b61f05fd1588cdfcd977d09329393cec13999ab43d8dd9d29b004040630a2db323834f8cd5a8c2f10be8da852a76db087a3d24903d69e5bdd3039688aca236
  languageName: node
  linkType: hard

"is-weakref@npm:^1.0.2":
  version: 1.0.2
  resolution: "is-weakref@npm:1.0.2"
  dependencies:
    call-bind: ^1.0.2
  checksum: 0d54eb2c58d79060feec60937eb38b2071e70fdc9746df5804fcdda263ad0bb62813d35b297dddf319ae05121d14cd9dc12ba4f591a3577d4876f46202a4fa19
  languageName: node
  linkType: hard

"is-weakset@npm:^2.0.1":
  version: 2.0.2
  resolution: "is-weakset@npm:2.0.2"
  dependencies:
    call-bind: ^1.0.2
    get-intrinsic: ^1.1.1
  checksum: d736079e5b7a1ce4cc6287be12ff701bce9a2703474cf203492436f35d3e1511cb54d2e244539d4d1b89e875687f97cb29f56d758f69c2396db1b9c127baa497
  languageName: node
  linkType: hard

"isarray@npm:^2.0.5":
  version: 2.0.5
  resolution: "isarray@npm:2.0.5"
  checksum: cfb3e907b3c7957fb18e479bbe9102df4e84c5386839b4a33076f38ee31a8934e77d43ff517967fd39192a7c06b894770454886a5ffc8a3ddc36f6b746d70726
  languageName: node
  linkType: hard

"iso-url@npm:~0.4.7":
  version: 0.4.7
  resolution: "iso-url@npm:0.4.7"
  checksum: 9bf6b011bfd13c24f9bd640c77ac7f84d4aa7dd434f34569d3dd7ca4fcfcf831927d255b6e7ca58a39af6b87d6d30d8be907b5423fd8dfba89fd3b661b69fa19
  languageName: node
  linkType: hard

"js-sha256@npm:0.9.0, js-sha256@npm:^0.9.0":
  version: 0.9.0
  resolution: "js-sha256@npm:0.9.0"
  checksum: 0bef2c83a7bceb2c54ea580fac3c69b5b5c422f590a0c514f6a9440a1c809359514d0ad5f0be52b95e0dd929c348b9f8153b9c1d5b0fa9bcf56b800791e304fb
  languageName: node
  linkType: hard

"json-text-sequence@npm:~0.1.0":
  version: 0.1.1
  resolution: "json-text-sequence@npm:0.1.1"
  dependencies:
    delimit-stream: 0.1.0
  checksum: a0fd488708d925c263d92d06aa3b3a7ac2e29afa1065567c8798a034928ec57e5bfcf2d02ac94e96692443ca65c9298e1c6009e1fb0060390f6205866a3ba2a3
  languageName: node
  linkType: hard

"make-error@npm:^1.1.1":
  version: 1.3.6
  resolution: "make-error@npm:1.3.6"
  checksum: 2c780bab8409b865e8ee86697c599a2bf2765ec64d21eb67ccda27050e039f983feacad05a0d43aba3c966ea03d305d2612e94fec45474bcbc61181f57c5bb88
  languageName: node
  linkType: hard

"minimatch@npm:^3.0.4, minimatch@npm:^3.1.1":
  version: 3.1.2
  resolution: "minimatch@npm:3.1.2"
  dependencies:
    brace-expansion: ^1.1.7
  checksum: 1a7584a6de279285a62c3b0ab2f3effde12566a5df983fb2a4f2eb9262f44238c7e2c692f202b075dc3df79c9a8479a22833cc28c841e98fa3ef989b1ceb264e
  languageName: node
  linkType: hard

"minimist@npm:^1.2.8":
  version: 1.2.8
  resolution: "minimist@npm:1.2.8"
  checksum: e3f8b422f9bff709afffa75fc87a8949b26a85bac5b69327f9ac03e5b826e6c7265945435848f23da6e54e78da5063734c2e0060bb1212bdfff4ad3ed6d23f52
  languageName: node
  linkType: hard

"mock-property@npm:^1.0.2":
  version: 1.0.3
  resolution: "mock-property@npm:1.0.3"
  dependencies:
    define-data-property: ^1.1.1
    functions-have-names: ^1.2.3
    gopd: ^1.0.1
    has-property-descriptors: ^1.0.0
    hasown: ^2.0.0
    isarray: ^2.0.5
  checksum: 51c7e45aa76abe38c0a11add0e91db439213b56eb1e0be1bacc0cb984dc73fd19d76aa00a02f0e0ffa084cc6450a71f0acf9cb904c6430892fc5720bdaddbabc
  languageName: node
  linkType: hard

"object-inspect@npm:^1.13.1, object-inspect@npm:^1.9.0":
  version: 1.13.1
  resolution: "object-inspect@npm:1.13.1"
  checksum: 1260295fc6f2928ce83f390371c27dd57a35b2fb59087dbf6e041b0fc7b36332693efb8a5b35fc767360a24ad9ffa7852523cadf7e06e9a17c70493c4adc4180
  languageName: node
  linkType: hard

"object-is@npm:^1.1.5":
  version: 1.1.5
  resolution: "object-is@npm:1.1.5"
  dependencies:
    call-bind: ^1.0.2
    define-properties: ^1.1.3
  checksum: 13084dbb7f89fa252763ad6779ebb87457c6adb295d3cd4073968a5a6b9a6cde5debeef5b2fba8ba5e20847bfc7965a6626269a62db85328c2d19ab7892ae1f4
  languageName: node
  linkType: hard

"object-keys@npm:^1.1.1":
  version: 1.1.1
  resolution: "object-keys@npm:1.1.1"
  checksum: 30d72d768b7f3f42144cee517b80e70c40cf39bb76f100557ffac42779613c591780135c54d8133894a78d2c0ae817e24a5891484722c6019a5cd5b58c745c66
  languageName: node
  linkType: hard

"object.assign@npm:^4.1.4":
  version: 4.1.4
  resolution: "object.assign@npm:4.1.4"
  dependencies:
    call-bind: ^1.0.2
    define-properties: ^1.1.4
    has-symbols: ^1.0.3
    object-keys: ^1.1.1
  checksum: 0bf916575905dd41926472f857b02669700657b5c5b8fcd305d3c07d9ada74ac39b3980ebbbd6d4bcf3997cfdba0801862aa15b9fa2d087343f8376c38ba91fb
  languageName: node
  linkType: hard

"once@npm:^1.3.0":
  version: 1.4.0
  resolution: "once@npm:1.4.0"
  dependencies:
    wrappy: 1
  checksum: 57afc246536cf6494437f982b26475f22bee860f8b77ce8eb1543f42a8bffe04b2c66ddfea9a16cb25ccb80943f8ee4fc639367ef97b7a6a4f2672eb573963f5
  languageName: node
  linkType: hard

"path-is-absolute@npm:^1.0.0":
  version: 1.0.1
  resolution: "path-is-absolute@npm:1.0.1"
  checksum: 907e1e3e6ac0aef6e65adffd75b3892191d76a5b94c5cf26b43667c4240531d11872ca6979c209b2e5e1609f7f579d02f64ba9936b48bb59d36cc529f0d965ed
  languageName: node
  linkType: hard

"path-parse@npm:^1.0.7":
  version: 1.0.7
  resolution: "path-parse@npm:1.0.7"
  checksum: 6de0bfa37b4f09af465ff3900fb4104ca9cb1e1fa5cbe869c40cedd10d5d625d04c284afc34967830eee780bf83fd69c017d72a23ffd35718ec861192ec91dd9
  languageName: node
  linkType: hard

"readable-stream@npm:^3.6.0":
  version: 3.6.2
  resolution: "readable-stream@npm:3.6.2"
  dependencies:
    inherits: ^2.0.3
    string_decoder: ^1.1.1
    util-deprecate: ^1.0.1
  checksum: 235f34af4ea7ac0c36945684f5fc709666ee27cbc35c08ce764369de7c86acbab4e27be5f2804568b832141e4c8c75b312e90dabf677be44cd463b64e4d35770
  languageName: node
  linkType: hard

"regexp.prototype.flags@npm:^1.5.1":
  version: 1.5.1
  resolution: "regexp.prototype.flags@npm:1.5.1"
  dependencies:
    call-bind: ^1.0.2
    define-properties: ^1.2.0
    set-function-name: ^2.0.0
  checksum: ae613b0cc2989e49f91c4d2f538db6dca97abf74e360567f116b9625f6171b7379240ff691f32feb10ab274ec75abe59cd591e64a0ec547aa939ebb4417ca1c1
  languageName: node
  linkType: hard

resolve@^2.0.0-next.5:
  version: 2.0.0-next.5
  resolution: "resolve@npm:2.0.0-next.5"
  dependencies:
    is-core-module: ^2.13.0
    path-parse: ^1.0.7
    supports-preserve-symlinks-flag: ^1.0.0
  bin:
    resolve: bin/resolve
  checksum: f99cf62ce070a7e610cc30170e296e4c81695c349a7c6a1555050872331f7d4fa18453443b226aca96d3b2505c49aaef64f5b1188ee64c569c041181e44768d4
  languageName: node
  linkType: hard

"resolve@patch:resolve@^2.0.0-next.5#builtin<compat/resolve>":
  version: 2.0.0-next.5
  resolution: "resolve@patch:resolve@npm%3A2.0.0-next.5#builtin<compat/resolve>::version=2.0.0-next.5&hash=3388aa"
  dependencies:
    is-core-module: ^2.13.0
    path-parse: ^1.0.7
    supports-preserve-symlinks-flag: ^1.0.0
  bin:
    resolve: bin/resolve
  checksum: d7f70e2cdcf13c163a2a1d40b6f8bb8ec0562f4d447df5ded8bc74b518de1ec0158f1924cf826bfddd45b2aff4f293abe54f75dacda415b977d5af3feceb4b6c
  languageName: node
  linkType: hard

"safe-array-concat@npm:^1.0.1":
  version: 1.0.1
  resolution: "safe-array-concat@npm:1.0.1"
  dependencies:
    call-bind: ^1.0.2
    get-intrinsic: ^1.2.1
    has-symbols: ^1.0.3
    isarray: ^2.0.5
  checksum: e3778237ccc5dbcf137f1ee87d2729b1ded652f740cdb717fd5b1b4750c4e4106db371e156ceb6dbd1d763d80dde1b59d6aa18db2a58b8659258a2faddc11603
  languageName: node
  linkType: hard

"safe-buffer@npm:~5.2.0":
  version: 5.2.1
  resolution: "safe-buffer@npm:5.2.1"
  checksum: 0bb57f0d8f9d1fa4fe35ad8a2db1f83a027d48f2822d59ede88fd5cd4ddad83c0b497213feb7a70fbf90597a70c5217f735b0eb1850df40ce9b4ae81dd22b3f9
  languageName: node
  linkType: hard

"safe-regex-test@npm:^1.0.0":
  version: 1.0.0
  resolution: "safe-regex-test@npm:1.0.0"
  dependencies:
    call-bind: ^1.0.2
    get-intrinsic: ^1.1.3
    is-regex: ^1.1.4
  checksum: 73c9a2a79a40725371a3cdd14e0e1a8338057ef873488b23ff4b46d08a0e2c4bf0a0df3e2cde6f3fd3f67085552b74c191a52b099240efde11f59d10acd82cc5
  languageName: node
  linkType: hard

"set-function-length@npm:^1.1.1":
  version: 1.1.1
  resolution: "set-function-length@npm:1.1.1"
  dependencies:
    define-data-property: ^1.1.1
    get-intrinsic: ^1.2.1
    gopd: ^1.0.1
    has-property-descriptors: ^1.0.0
  checksum: 5a8f31e81cf00afc0bc16d5602647bbe0efc375d1367b07f759f701bda746995927c3c3c8f358de007463a3751b2df877e9e5449731dface0806d022947f5043
  languageName: node
  linkType: hard

"set-function-name@npm:^2.0.0":
  version: 2.0.1
  resolution: "set-function-name@npm:2.0.1"
  dependencies:
    define-data-property: ^1.0.1
    functions-have-names: ^1.2.3
    has-property-descriptors: ^1.0.0
  checksum: f1bc0a6eed18ee18133bf33551b385570c6b6d205084e811c1d1f78e5dee4a446dd941221173945576f1cc5abc711fc460d3ff03e461b703489180da45f67243
  languageName: node
  linkType: hard

"side-channel@npm:^1.0.4":
  version: 1.0.4
  resolution: "side-channel@npm:1.0.4"
  dependencies:
    call-bind: ^1.0.0
    get-intrinsic: ^1.0.2
    object-inspect: ^1.9.0
  checksum: 84258ce3edb1ad35810ca17eccd52fd504b5d4da59447a6829cfd1ae8e3cff97b7df2a14f9a45b7aaa3b507ded95626cf20a500735d3b797e9ffb1eba3cfa9e7
  languageName: node
  linkType: hard

"simple-cbor@npm:^0.4.1":
  version: 0.4.1
  resolution: "simple-cbor@npm:0.4.1"
  checksum: 488352d8c907c3ab668af9334a79632d0b7639399dec9a4f2deb65ea00baea435ab8aa604e271ad871983b21381509ffd8e8ebee49cfe35ae4d38d87dd0611fb
  languageName: node
  linkType: hard

"stop-iteration-iterator@npm:^1.0.0":
  version: 1.0.0
  resolution: "stop-iteration-iterator@npm:1.0.0"
  dependencies:
    internal-slot: ^1.0.4
  checksum: 6a4a22ad2a337e36dda43dee3c43e8c75f8d05ff56e9999863540815c37e9f71195171cc0d2475dffc6e3989d4f69ba29923bbfb2e17b4cf7644e7804b5204f5
  languageName: node
  linkType: hard

"string.prototype.trim@npm:^1.2.8":
  version: 1.2.8
  resolution: "string.prototype.trim@npm:1.2.8"
  dependencies:
    call-bind: ^1.0.2
    define-properties: ^1.2.0
    es-abstract: ^1.22.1
  checksum: dc11819d34af9f08689f4b142b7eb7575dfe5033d8648c326b6b7722bb5469d0761f50305d1db1d6acf7a017029fbc08e55cf80b9109bad5a037d5e13d91c361
  languageName: node
  linkType: hard

"string.prototype.trimend@npm:^1.0.7":
  version: 1.0.7
  resolution: "string.prototype.trimend@npm:1.0.7"
  dependencies:
    call-bind: ^1.0.2
    define-properties: ^1.2.0
    es-abstract: ^1.22.1
  checksum: 503d3447d7c052119ee49bde54e00706df0c43da01b66b908bfe129664ec40fdbda228c095a7deaf1632f1dd0d7a38842a323fefe8ee9a07f8cbfe45292e376f
  languageName: node
  linkType: hard

"string.prototype.trimstart@npm:^1.0.7":
  version: 1.0.7
  resolution: "string.prototype.trimstart@npm:1.0.7"
  dependencies:
    call-bind: ^1.0.2
    define-properties: ^1.2.0
    es-abstract: ^1.22.1
  checksum: dada1c532a6693985b99f49ff9adedc19132e8da0c6fec68a346e908226beded23758cd5c2c872a1ae8ffdbd37ad6df82407c77f741499f2c3a9439fd90e51d0
  languageName: node
  linkType: hard

"string_decoder@npm:^1.1.1":
  version: 1.3.0
  resolution: "string_decoder@npm:1.3.0"
  dependencies:
    safe-buffer: ~5.2.0
  checksum: 0a09afb610cb538707fcf0a50a080f159040529eabdba82f23b04f1d1f90adf9ba18cc3800231c6ab2ee55dece047f4bed87c56da52b2afd85c3c7fb73eb7e48
  languageName: node
  linkType: hard

"supports-preserve-symlinks-flag@npm:^1.0.0":
  version: 1.0.0
  resolution: "supports-preserve-symlinks-flag@npm:1.0.0"
  checksum: a0f31404231c6450ae2d23acd7b066a31b9ca4649e02b6c70a4fbc955693cf65067507f450f43e4480df0f1fd87f72f78ed12c1a268a876c528be977c7096a69
  languageName: node
  linkType: hard

"tape@npm:^5.6.4":
  version: 5.7.2
  resolution: "tape@npm:5.7.2"
  dependencies:
    "@ljharb/resumer": ^0.0.1
    "@ljharb/through": ^2.3.11
    array.prototype.every: ^1.1.5
    call-bind: ^1.0.5
    deep-equal: ^2.2.2
    defined: ^1.0.1
    dotignore: ^0.1.2
    for-each: ^0.3.3
    get-package-type: ^0.1.0
    glob: ^7.2.3
    has-dynamic-import: ^2.0.1
    hasown: ^2.0.0
    inherits: ^2.0.4
    is-regex: ^1.1.4
    minimist: ^1.2.8
    mock-property: ^1.0.2
    object-inspect: ^1.13.1
    object-is: ^1.1.5
    object-keys: ^1.1.1
    object.assign: ^4.1.4
    resolve: ^2.0.0-next.5
    string.prototype.trim: ^1.2.8
  bin:
    tape: bin/tape
  checksum: bd3770a1fcd81392cc472a9ab645eb2c49b0064bd0db149ffaca5ed3e74ff34cdee8ace979154cee1375810af33268b9a14b795ce37ca803007d1c1a528c99e3
  languageName: node
  linkType: hard

"ts-node@npm:^10.8.2":
  version: 10.9.1
  resolution: "ts-node@npm:10.9.1"
  dependencies:
    "@cspotcode/source-map-support": ^0.8.0
    "@tsconfig/node10": ^1.0.7
    "@tsconfig/node12": ^1.0.7
    "@tsconfig/node14": ^1.0.0
    "@tsconfig/node16": ^1.0.2
    acorn: ^8.4.1
    acorn-walk: ^8.1.1
    arg: ^4.1.0
    create-require: ^1.1.0
    diff: ^4.0.1
    make-error: ^1.1.1
    v8-compile-cache-lib: ^3.0.1
    yn: 3.1.1
  peerDependencies:
    "@swc/core": ">=1.2.50"
    "@swc/wasm": ">=1.2.50"
    "@types/node": "*"
    typescript: ">=2.7"
  peerDependenciesMeta:
    "@swc/core":
      optional: true
    "@swc/wasm":
      optional: true
  bin:
    ts-node: dist/bin.js
    ts-node-cwd: dist/bin-cwd.js
    ts-node-esm: dist/bin-esm.js
    ts-node-script: dist/bin-script.js
    ts-node-transpile-only: dist/bin-transpile.js
    ts-script: dist/bin-script-deprecated.js
  checksum: 1431392d552ac51f0c9598681487f85b3200c09e425d63fb2e419a052b2216dba048c876ec4e04beb4c7451c6f96117fd90eb83fbec6e486bade2bd4bdd2b560
  languageName: node
  linkType: hard

"tweetnacl@npm:^1.0.1":
  version: 1.0.3
  resolution: "tweetnacl@npm:1.0.3"
  checksum: 1188f3ef85db04d6dba632d211e481ae0a5805974491633ff60bd56ae3362312dfea1515e0d200685867b69ff212e8778e26923f8203e3c335064b07f620a6c7
  languageName: node
  linkType: hard

"typed-array-buffer@npm:^1.0.0":
  version: 1.0.0
  resolution: "typed-array-buffer@npm:1.0.0"
  dependencies:
    call-bind: ^1.0.2
    get-intrinsic: ^1.2.1
    is-typed-array: ^1.1.10
  checksum: 186ecf132cedc6e8b9938514bb78fe24e8c026e4b457856edad521dbb4af8118947e34403b1eae261066e0d87eba6f2248af660d7f3b90265d1798017994e636
  languageName: node
  linkType: hard

"typed-array-byte-length@npm:^1.0.0":
  version: 1.0.0
  resolution: "typed-array-byte-length@npm:1.0.0"
  dependencies:
    call-bind: ^1.0.2
    for-each: ^0.3.3
    has-proto: ^1.0.1
    is-typed-array: ^1.1.10
  checksum: b17cd6fbf7813b99d143ba222774308f7d6217f188a094a615a633e8081405f44681db20937b7828aba2bd11c87dfbbd7ec8d44703816a377f0d54676753cf77
  languageName: node
  linkType: hard

"typed-array-byte-offset@npm:^1.0.0":
  version: 1.0.0
  resolution: "typed-array-byte-offset@npm:1.0.0"
  dependencies:
    available-typed-arrays: ^1.0.5
    call-bind: ^1.0.2
    for-each: ^0.3.3
    has-proto: ^1.0.1
    is-typed-array: ^1.1.10
  checksum: 73c4ee550ea4456e01b45c1bd397ab9d57be39dbca843bd70658700ce984baf3930e9f6a7cc5a1135225adaa1901f2ef51ae9a5fce9be533fd0431402339ec11
  languageName: node
  linkType: hard

"typed-array-length@npm:^1.0.4":
  version: 1.0.4
  resolution: "typed-array-length@npm:1.0.4"
  dependencies:
    call-bind: ^1.0.2
    for-each: ^0.3.3
    is-typed-array: ^1.1.9
  checksum: 9cc13aa4d0f8f9beb27a5dad5dbde011824ada72532e2b352229c600fd3df324f8ab1c56645597d68507798940b2aecf6e978f76535702bdb09a83aafd5e0361
  languageName: node
  linkType: hard

"unbox-primitive@npm:^1.0.2":
  version: 1.0.2
  resolution: "unbox-primitive@npm:1.0.2"
  dependencies:
    call-bind: ^1.0.2
    has-bigints: ^1.0.2
    has-symbols: ^1.0.3
    which-boxed-primitive: ^1.0.2
  checksum: 81713e98693758495541559c34f2a08a487353205ca6d3cb48b590bdf901c684f76c022e462515d9d6c0169d1cb62979e618d9744dbce54d0cd3cbe714be1863
  languageName: node
  linkType: hard

"util-deprecate@npm:^1.0.1":
  version: 1.0.2
  resolution: "util-deprecate@npm:1.0.2"
  checksum: 73c2b1cf0210ccac300645384d8443cabbd93194117b2dc1b3bae8d8279ad39aedac857e020c4ea505e96a1045059c7359db3df6a9df0be6b8584166c9d61dc9
  languageName: node
  linkType: hard

"v8-compile-cache-lib@npm:^3.0.1":
  version: 3.0.1
  resolution: "v8-compile-cache-lib@npm:3.0.1"
  checksum: 673fafc82a9bb4ab90627d8795cee4208c72826930974196287e9ba8d0cb5b8f6631d67907941ad42d009b56802c578bca9804c317b1b44c553fb848bffb83ff
  languageName: node
  linkType: hard

"which-boxed-primitive@npm:^1.0.2":
  version: 1.0.2
  resolution: "which-boxed-primitive@npm:1.0.2"
  dependencies:
    is-bigint: ^1.0.1
    is-boolean-object: ^1.1.0
    is-number-object: ^1.0.4
    is-string: ^1.0.5
    is-symbol: ^1.0.3
  checksum: 771ef43357afbba9febf2da4867b2971ada0a5126227f9b7926751525e3721f7f5f3722f8c60af67881714d9a82a98ed686f1768490cfb2cd40518df5f2e056e
  languageName: node
  linkType: hard

"which-collection@npm:^1.0.1":
  version: 1.0.1
  resolution: "which-collection@npm:1.0.1"
  dependencies:
    is-map: ^2.0.1
    is-set: ^2.0.1
    is-weakmap: ^2.0.1
    is-weakset: ^2.0.1
  checksum: 839a5aca35337ccb0bcc0da4131145e5dd65abfd90a5e932cf8804103eb1117ec216c1bde2ed9abccbe7b9b4ab869bd68735ad863d8b44fcfab718dc36fa1771
  languageName: node
  linkType: hard

"which-typed-array@npm:^1.1.11, which-typed-array@npm:^1.1.13":
  version: 1.1.13
  resolution: "which-typed-array@npm:1.1.13"
  dependencies:
    available-typed-arrays: ^1.0.5
    call-bind: ^1.0.4
    for-each: ^0.3.3
    gopd: ^1.0.1
    has-tostringtag: ^1.0.0
  checksum: c25520a46fcb34f125d597d75c96ca03ab3322a1dff7d200bcb843f816c68187819094726b251e500fa5e5cad16b0ea4c0d4b3f6904b718460541123960e6ec4
  languageName: node
  linkType: hard

"wrappy@npm:1":
  version: 1.0.2
  resolution: "wrappy@npm:1.0.2"
  checksum: 519fcda0fcdf0c16327be2de9d98646742307bc830277e8868529fcf7566f2b330a6453c233e0cdcb767d5838dd61a90984a02ecc983bcddebea5ad0833bbf98
  languageName: node
  linkType: hard

"yn@npm:3.1.1":
  version: 3.1.1
  resolution: "yn@npm:3.1.1"
  checksum: bff63b80568d80c711670935427494dde47cdf97e8b04196b140ce0af519c81c5ee857eddad0caa8b422dd65aea0157bbfaacbb1546bebba623f0f383d5d9ae5
  languageName: node
  linkType: hard
